
Microsoft Visual Studio Solution File, Format Version 12.00
# Visual Studio Version 16
VisualStudioVersion = 16.0.30330.147
MinimumVisualStudioVersion = 10.0.40219.1
Project("{FAE04EC0-301F-11D3-BF4B-00C04F79EFBC}") = "SkypeCallExport", "SkypeCallExport\SkypeCallExport.csproj", "{7B1128AC-D698-44E4-96DA-828A803EFF9A}"
EndProject
Global
	GlobalSection(SolutionConfigurationPlatforms) = preSolution
		Debug|Any CPU = Debug|Any CPU
		Release|Any CPU = Release|Any CPU
	EndGlobalSection
	GlobalSection(ProjectConfigurationPlatforms) = postSolution
		{7B1128AC-D698-44E4-96DA-828A803EFF9A}.Debug|Any CPU.ActiveCfg = Debug|Any CPU
		{7B1128AC-D698-44E4-96DA-828A803EFF9A}.Debug|Any CPU.Build.0 = Debug|Any CPU
		{7B1128AC-D698-44E4-96DA-828A803EFF9A}.Release|Any CPU.ActiveCfg = Release|Any CPU
		{7B1128AC-D698-44E4-96DA-828A803EFF9A}.Release|Any CPU.Build.0 = Release|Any CPU
	EndGlobalSection
	GlobalSection(SolutionProperties) = preSolution
		HideSolutionNode = FALSE
	EndGlobalSection
	GlobalSection(ExtensibilityGlobals) = postSolution
		SolutionGuid = {878FAB85-F1EE-44BD-82B9-963A11F6AC07}
	EndGlobalSection
EndGlobal
